<?xml version="1.0" encoding="utf-8"?>
<Project ToolsVersion="4.0" xmlns="http://schemas.microsoft.com/developer/msbuild/2003">
  <ItemGroup>
    <ClCompile Include="..\..\core\genesis.c" />
    <ClCompile Include="..\..\core\io_ctrl.c" />
    <ClCompile Include="..\..\core\loadrom.c" />
    <ClCompile Include="..\..\core\mem68k.c" />
    <ClCompile Include="..\..\core\membnk.c" />
    <ClCompile Include="..\..\core\memz80.c" />
    <ClCompile Include="..\..\core\state.c" />
    <ClCompile Include="..\..\core\system.c" />
    <ClCompile Include="..\..\core\vdp_ctrl.c" />
    <ClCompile Include="..\..\core\vdp_render.c" />
    <ClCompile Include="..\Debug\Spy.cpp" />
    <ClCompile Include="..\..\core\cart_hw\svp\ssp16.c">
      <Filter>cart_hw\svp</Filter>
    </ClCompile>
    <ClCompile Include="..\..\core\cart_hw\svp\svp.c">
      <Filter>cart_hw\svp</Filter>
    </ClCompile>
    <ClCompile Include="..\..\core\cart_hw\areplay.c">
      <Filter>cart_hw</Filter>
    </ClCompile>
    <ClCompile Include="..\..\core\cart_hw\eeprom_93c.c">
      <Filter>cart_hw</Filter>
    </ClCompile>
    <ClCompile Include="..\..\core\cart_hw\eeprom_i2c.c">
      <Filter>cart_hw</Filter>
    </ClCompile>
    <ClCompile Include="..\..\core\cart_hw\eeprom_spi.c">
      <Filter>cart_hw</Filter>
    </ClCompile>
    <ClCompile Include="..\..\core\cart_hw\ggenie.c">
      <Filter>cart_hw</Filter>
    </ClCompile>
    <ClCompile Include="..\..\core\cart_hw\md_cart.c">
      <Filter>cart_hw</Filter>
    </ClCompile>
    <ClCompile Include="..\..\core\cart_hw\sms_cart.c">
      <Filter>cart_hw</Filter>
    </ClCompile>
    <ClCompile Include="..\..\core\cart_hw\sram.c">
      <Filter>cart_hw</Filter>
    </ClCompile>
    <ClCompile Include="..\..\core\cd_hw\cd_cart.c">
      <Filter>cd_hw</Filter>
    </ClCompile>
    <ClCompile Include="..\..\core\cd_hw\cdc.c">
      <Filter>cd_hw</Filter>
    </ClCompile>
    <ClCompile Include="..\..\core\cd_hw\cdd.c">
      <Filter>cd_hw</Filter>
    </ClCompile>
    <ClCompile Include="..\..\core\cd_hw\gfx.c">
      <Filter>cd_hw</Filter>
    </ClCompile>
    <ClCompile Include="..\..\core\cd_hw\pcm.c">
      <Filter>cd_hw</Filter>
    </ClCompile>
    <ClCompile Include="..\..\core\cd_hw\scd.c">
      <Filter>cd_hw</Filter>
    </ClCompile>
    <ClCompile Include="..\..\core\input_hw\activator.c">
      <Filter>input_hw</Filter>
    </ClCompile>
    <ClCompile Include="..\..\core\input_hw\gamepad.c">
      <Filter>input_hw</Filter>
    </ClCompile>
    <ClCompile Include="..\..\core\input_hw\input.c">
      <Filter>input_hw</Filter>
    </ClCompile>
    <ClCompile Include="..\..\core\input_hw\graphic_board.c">
      <Filter>input_hw</Filter>
    </ClCompile>
    <ClCompile Include="..\..\core\input_hw\lightgun.c">
      <Filter>input_hw</Filter>
    </ClCompile>
    <ClCompile Include="..\..\core\input_hw\mouse.c">
      <Filter>input_hw</Filter>
    </ClCompile>
    <ClCompile Include="..\..\core\input_hw\paddle.c">
      <Filter>input_hw</Filter>
    </ClCompile>
    <ClCompile Include="..\..\core\input_hw\sportspad.c">
      <Filter>input_hw</Filter>
    </ClCompile>
    <ClCompile Include="..\..\core\input_hw\teamplayer.c">
      <Filter>input_hw</Filter>
    </ClCompile>
    <ClCompile Include="..\..\core\input_hw\terebi_oekaki.c">
      <Filter>input_hw</Filter>
    </ClCompile>
    <ClCompile Include="..\..\core\input_hw\xe_1ap.c">
      <Filter>input_hw</Filter>
    </ClCompile>
    <ClCompile Include="..\..\core\m68k\m68kcpu.c">
      <Filter>m68k</Filter>
    </ClCompile>
    <ClCompile Include="..\..\core\m68k\s68kcpu.c">
      <Filter>m68k</Filter>
    </ClCompile>
    <ClCompile Include="..\..\core\ntsc\md_ntsc.c">
      <Filter>ntsc</Filter>
    </ClCompile>
    <ClCompile Include="..\..\core\ntsc\sms_ntsc.c">
      <Filter>ntsc</Filter>
    </ClCompile>
    <ClCompile Include="..\..\core\sound\blip_buf.c">
      <Filter>sound</Filter>
    </ClCompile>
    <ClCompile Include="..\..\core\sound\eq.c">
      <Filter>sound</Filter>
    </ClCompile>
    <ClCompile Include="..\..\core\sound\sn76489.c">
      <Filter>sound</Filter>
    </ClCompile>
    <ClCompile Include="..\..\core\sound\sound.c">
      <Filter>sound</Filter>
    </ClCompile>
    <ClCompile Include="..\..\core\sound\ym2413.c">
      <Filter>sound</Filter>
    </ClCompile>
    <ClCompile Include="..\..\core\sound\ym2612.c">
      <Filter>sound</Filter>
    </ClCompile>
    <ClCompile Include="..\..\core\tremor\bitwise.c">
      <Filter>tremor</Filter>
    </ClCompile>
    <ClCompile Include="..\Debug\Breakpoint.cpp">
      <Filter>MarmerladeAPI</Filter>
    </ClCompile>
    <ClCompile Include="..\Debug\DebugCPU.cpp">
      <Filter>MarmerladeAPI</Filter>
    </ClCompile>
    <ClCompile Include="..\Debug\DebugInfo.cpp">
      <Filter>MarmerladeAPI</Filter>
    </ClCompile>
    <ClCompile Include="..\Debug\Disasm.cpp">
      <Filter>MarmerladeAPI</Filter>
    </ClCompile>
    <ClCompile Include="..\..\core\tremor\floor0.c">
      <Filter>tremor</Filter>
    </ClCompile>
    <ClCompile Include="..\..\core\tremor\floor1.c">
      <Filter>tremor</Filter>
    </ClCompile>
    <ClCompile Include="..\..\core\tremor\framing.c">
      <Filter>tremor</Filter>
    </ClCompile>
    <ClCompile Include="..\..\core\tremor\info.c">
      <Filter>tremor</Filter>
    </ClCompile>
    <ClCompile Include="..\..\core\tremor\mapping0.c">
      <Filter>tremor</Filter>
    </ClCompile>
    <ClCompile Include="..\..\core\tremor\mdct.c">
      <Filter>tremor</Filter>
    </ClCompile>
    <ClCompile Include="..\..\core\tremor\registry.c">
      <Filter>tremor</Filter>
    </ClCompile>
    <ClCompile Include="..\..\core\tremor\res012.c">
      <Filter>tremor</Filter>
    </ClCompile>
    <ClCompile Include="..\..\core\tremor\sharedbook.c">
      <Filter>tremor</Filter>
    </ClCompile>
    <ClCompile Include="..\..\core\tremor\synthesis.c">
      <Filter>tremor</Filter>
    </ClCompile>
    <ClCompile Include="..\..\core\tremor\vorbisfile.c">
      <Filter>tremor</Filter>
    </ClCompile>
    <ClCompile Include="..\..\core\tremor\window.c">
      <Filter>tremor</Filter>
    </ClCompile>
    <ClCompile Include="..\..\core\tremor\block.c">
      <Filter>tremor</Filter>
    </ClCompile>
    <ClCompile Include="..\..\core\tremor\codebook.c">
      <Filter>tremor</Filter>
    </ClCompile>
    <ClCompile Include="..\Debug\Register.cpp">
      <Filter>MarmerladeAPI</Filter>
    </ClCompile>
    <ClCompile Include="..\..\core\z80\z80.c">
      <Filter>z80</Filter>
    </ClCompile>
    <ClCompile Include="..\Util\scrc32.c">
      <Filter>MarmerladeAPI</Filter>
    </ClCompile>
    <ClCompile Include="..\Debug\Memory.cpp">
      <Filter>MarmerladeAPI\Memory</Filter>
    </ClCompile>
    <ClCompile Include="..\Debug\MemoryMap.cpp">
      <Filter>MarmerladeAPI\Memory</Filter>
    </ClCompile>
    <ClCompile Include="..\api\MarmeladeModule.cpp">
      <Filter>MarmerladeAPI\CPU</Filter>
    </ClCompile>
  </ItemGroup>
  <ItemGroup>
    <ClInclude Include="..\..\core\genesis.h" />
    <ClInclude Include="..\..\core\hvc.h" />
    <ClInclude Include="..\..\core\io_ctrl.h" />
    <ClInclude Include="..\..\core\loadrom.h" />
    <ClInclude Include="..\..\core\macros.h" />
    <ClInclude Include="..\..\core\mem68k.h" />
    <ClInclude Include="..\..\core\membnk.h" />
    <ClInclude Include="..\..\core\memz80.h" />
    <ClInclude Include="..\..\core\shared.h" />
    <ClInclude Include="..\..\core\state.h" />
    <ClInclude Include="..\..\core\system.h" />
    <ClInclude Include="..\..\core\types.h" />
    <ClInclude Include="..\..\core\vdp_ctrl.h" />
    <ClInclude Include="..\..\core\vdp_render.h" />
    <ClInclude Include="..\Debug\Spy.h" />
    <ClInclude Include="..\..\core\cart_hw\svp\ssp16.h">
      <Filter>cart_hw\svp</Filter>
    </ClInclude>
    <ClInclude Include="..\..\core\cart_hw\svp\svp.h">
      <Filter>cart_hw\svp</Filter>
    </ClInclude>
    <ClInclude Include="..\..\core\cart_hw\areplay.h">
      <Filter>cart_hw</Filter>
    </ClInclude>
    <ClInclude Include="..\..\core\cart_hw\eeprom_93c.h">
      <Filter>cart_hw</Filter>
    </ClInclude>
    <ClInclude Include="..\..\core\cart_hw\eeprom_i2c.h">
      <Filter>cart_hw</Filter>
    </ClInclude>
    <ClInclude Include="..\..\core\cart_hw\eeprom_spi.h">
      <Filter>cart_hw</Filter>
    </ClInclude>
    <ClInclude Include="..\..\core\cart_hw\ggenie.h">
      <Filter>cart_hw</Filter>
    </ClInclude>
    <ClInclude Include="..\..\core\cart_hw\md_cart.h">
      <Filter>cart_hw</Filter>
    </ClInclude>
    <ClInclude Include="..\..\core\cart_hw\sms_cart.h">
      <Filter>cart_hw</Filter>
    </ClInclude>
    <ClInclude Include="..\..\core\cart_hw\sram.h">
      <Filter>cart_hw</Filter>
    </ClInclude>
    <ClInclude Include="..\..\core\cd_hw\cd_cart.h">
      <Filter>cd_hw</Filter>
    </ClInclude>
    <ClInclude Include="..\..\core\cd_hw\cdc.h">
      <Filter>cd_hw</Filter>
    </ClInclude>
    <ClInclude Include="..\..\core\cd_hw\cdd.h">
      <Filter>cd_hw</Filter>
    </ClInclude>
    <ClInclude Include="..\..\core\cd_hw\gfx.h">
      <Filter>cd_hw</Filter>
    </ClInclude>
    <ClInclude Include="..\..\core\cd_hw\pcm.h">
      <Filter>cd_hw</Filter>
    </ClInclude>
    <ClInclude Include="..\..\core\cd_hw\scd.h">
      <Filter>cd_hw</Filter>
    </ClInclude>
    <ClInclude Include="..\..\core\input_hw\activator.h">
      <Filter>input_hw</Filter>
    </ClInclude>
    <ClInclude Include="..\..\core\input_hw\gamepad.h">
      <Filter>input_hw</Filter>
    </ClInclude>
    <ClInclude Include="..\..\core\input_hw\input.h">
      <Filter>input_hw</Filter>
    </ClInclude>
    <ClInclude Include="..\..\core\input_hw\graphic_board.h">
      <Filter>input_hw</Filter>
    </ClInclude>
    <ClInclude Include="..\..\core\input_hw\lightgun.h">
      <Filter>input_hw</Filter>
    </ClInclude>
    <ClInclude Include="..\..\core\input_hw\mouse.h">
      <Filter>input_hw</Filter>
    </ClInclude>
    <ClInclude Include="..\..\core\input_hw\paddle.h">
      <Filter>input_hw</Filter>
    </ClInclude>
    <ClInclude Include="..\..\core\input_hw\sportspad.h">
      <Filter>input_hw</Filter>
    </ClInclude>
    <ClInclude Include="..\..\core\input_hw\teamplayer.h">
      <Filter>input_hw</Filter>
    </ClInclude>
    <ClInclude Include="..\..\core\input_hw\terebi_oekaki.h">
      <Filter>input_hw</Filter>
    </ClInclude>
    <ClInclude Include="..\..\core\input_hw\xe_1ap.h">
      <Filter>input_hw</Filter>
    </ClInclude>
    <ClInclude Include="..\..\core\m68k\m68k.h">
      <Filter>m68k</Filter>
    </ClInclude>
    <ClInclude Include="..\..\core\m68k\m68kconf.h">
      <Filter>m68k</Filter>
    </ClInclude>
    <ClInclude Include="..\..\core\m68k\m68kcpu.h">
      <Filter>m68k</Filter>
    </ClInclude>
    <ClInclude Include="..\..\core\m68k\m68ki_cycles.h">
      <Filter>m68k</Filter>
    </ClInclude>
    <ClInclude Include="..\..\core\m68k\m68ki_instruction_jump_table.h">
      <Filter>m68k</Filter>
    </ClInclude>
    <ClInclude Include="..\..\core\m68k\m68kops.h">
      <Filter>m68k</Filter>
    </ClInclude>
    <ClInclude Include="..\..\core\m68k\s68kconf.h">
      <Filter>m68k</Filter>
    </ClInclude>
    <ClInclude Include="..\..\core\m68k\s68ki_cycles.h">
      <Filter>m68k</Filter>
    </ClInclude>
    <ClInclude Include="..\..\core\ntsc\md_ntsc.h">
      <Filter>ntsc</Filter>
    </ClInclude>
    <ClInclude Include="..\..\core\ntsc\md_ntsc_config.h">
      <Filter>ntsc</Filter>
    </ClInclude>
    <ClInclude Include="..\..\core\ntsc\md_ntsc_impl.h">
      <Filter>ntsc</Filter>
    </ClInclude>
    <ClInclude Include="..\..\core\ntsc\sms_ntsc.h">
      <Filter>ntsc</Filter>
    </ClInclude>
    <ClInclude Include="..\..\core\ntsc\sms_ntsc_config.h">
      <Filter>ntsc</Filter>
    </ClInclude>
    <ClInclude Include="..\..\core\ntsc\sms_ntsc_impl.h">
      <Filter>ntsc</Filter>
    </ClInclude>
    <ClInclude Include="..\..\core\sound\blip_buf.h">
      <Filter>sound</Filter>
    </ClInclude>
    <ClInclude Include="..\..\core\sound\eq.h">
      <Filter>sound</Filter>
    </ClInclude>
    <ClInclude Include="..\..\core\sound\sn76489.h">
      <Filter>sound</Filter>
    </ClInclude>
    <ClInclude Include="..\..\core\sound\sound.h">
      <Filter>sound</Filter>
    </ClInclude>
    <ClInclude Include="..\..\core\sound\ym2413.h">
      <Filter>sound</Filter>
    </ClInclude>
    <ClInclude Include="..\..\core\sound\ym2612.h">
      <Filter>sound</Filter>
    </ClInclude>
    <ClInclude Include="..\..\core\tremor\asm_arm.h">
      <Filter>tremor</Filter>
    </ClInclude>
    <ClInclude Include="..\..\core\tremor\backends.h">
      <Filter>tremor</Filter>
    </ClInclude>
    <ClInclude Include="..\api\APIMarmelade.h">
      <Filter>MarmerladeAPI</Filter>
    </ClInclude>
    <ClInclude Include="..\Debug\Breakpoint.h">
      <Filter>MarmerladeAPI</Filter>
    </ClInclude>
    <ClInclude Include="..\Debug\DebugCPU.h">
      <Filter>MarmerladeAPI</Filter>
    </ClInclude>
    <ClInclude Include="..\Debug\DebugInfo.h">
      <Filter>MarmerladeAPI</Filter>
    </ClInclude>
    <ClInclude Include="..\Debug\DebugMacro.h">
      <Filter>MarmerladeAPI</Filter>
    </ClInclude>
    <ClInclude Include="..\Debug\Disasm.h">
      <Filter>MarmerladeAPI</Filter>
    </ClInclude>
    <ClInclude Include="..\..\core\tremor\config_types.h">
      <Filter>tremor</Filter>
    </ClInclude>
    <ClInclude Include="..\..\core\tremor\ivorbiscodec.h">
      <Filter>tremor</Filter>
    </ClInclude>
    <ClInclude Include="..\..\core\tremor\ivorbisfile.h">
      <Filter>tremor</Filter>
    </ClInclude>
    <ClInclude Include="..\..\core\tremor\lsp_lookup.h">
      <Filter>tremor</Filter>
    </ClInclude>
    <ClInclude Include="..\..\core\tremor\mdct.h">
      <Filter>tremor</Filter>
    </ClInclude>
    <ClInclude Include="..\..\core\tremor\mdct_lookup.h">
      <Filter>tremor</Filter>
    </ClInclude>
    <ClInclude Include="..\..\core\tremor\misc.h">
      <Filter>tremor</Filter>
    </ClInclude>
    <ClInclude Include="..\..\core\tremor\ogg.h">
      <Filter>tremor</Filter>
    </ClInclude>
    <ClInclude Include="..\..\core\tremor\os.h">
      <Filter>tremor</Filter>
    </ClInclude>
    <ClInclude Include="..\..\core\tremor\os_types.h">
      <Filter>tremor</Filter>
    </ClInclude>
    <ClInclude Include="..\..\core\tremor\registry.h">
      <Filter>tremor</Filter>
    </ClInclude>
    <ClInclude Include="..\..\core\tremor\window.h">
      <Filter>tremor</Filter>
    </ClInclude>
    <ClInclude Include="..\..\core\tremor\window_lookup.h">
      <Filter>tremor</Filter>
    </ClInclude>
    <ClInclude Include="..\..\core\tremor\block.h">
      <Filter>tremor</Filter>
    </ClInclude>
    <ClInclude Include="..\..\core\tremor\codebook.h">
      <Filter>tremor</Filter>
    </ClInclude>
    <ClInclude Include="..\..\core\tremor\codec_internal.h">
      <Filter>tremor</Filter>
    </ClInclude>
    <ClInclude Include="..\Debug\Register.h">
      <Filter>MarmerladeAPI</Filter>
    </ClInclude>
    <ClInclude Include="..\..\core\z80\osd_cpu.h">
      <Filter>z80</Filter>
    </ClInclude>
    <ClInclude Include="..\..\core\z80\z80.h">
      <Filter>z80</Filter>
    </ClInclude>
    <ClInclude Include="..\Util\osd.h">
      <Filter>MarmerladeAPI</Filter>
    </ClInclude>
    <ClInclude Include="..\Util\scrc32.h">
      <Filter>MarmerladeAPI</Filter>
    </ClInclude>
    <ClInclude Include="..\Debug\Memory.h">
      <Filter>MarmerladeAPI\Memory</Filter>
    </ClInclude>
    <ClInclude Include="..\Debug\MemoryMap.h">
      <Filter>MarmerladeAPI\Memory</Filter>
    </ClInclude>
  </ItemGroup>
  <ItemGroup>
    <None Include="..\..\core\cart_hw\svp\imageformat.txt" />
    <None Include="..\..\core\cart_hw\svp\svpdoc.txt" />
    <None Include="..\..\core\m68k\readme.txt">
      <Filter>m68k</Filter>
    </None>
    <None Include="..\..\core\ntsc\sms_ntsc.txt">
      <Filter>ntsc</Filter>
    </None>
    <None Include="..\..\core\ntsc\readme.txt">
      <Filter>ntsc</Filter>
    </None>
    <None Include="..\..\core\ntsc\license.txt">
      <Filter>ntsc</Filter>
    </None>
    <None Include="..\..\core\ntsc\changes.txt">
      <Filter>ntsc</Filter>
    </None>
    <None Include="..\..\core\tremor\configure.in">
      <Filter>tremor</Filter>
    </None>
    <None Include="..\..\core\tremor\COPYING">
      <Filter>tremor</Filter>
    </None>
    <None Include="..\..\core\tremor\README">
      <Filter>tremor</Filter>
    </None>
    <None Include="..\..\core\tremor\Version_script.in">
      <Filter>tremor</Filter>
    </None>
    <None Include="..\..\core\tremor\CHANGELOG">
      <Filter>tremor</Filter>
    </None>
  </ItemGroup>
  <ItemGroup>
    <Filter Include="cart_hw">
      <UniqueIdentifier>{698fd037-0f48-4815-b1bf-5ad5780eeb61}</UniqueIdentifier>
    </Filter>
    <Filter Include="cart_hw\svp">
      <UniqueIdentifier>{984ac6e7-c740-40ac-9ba9-fe8afab8560c}</UniqueIdentifier>
    </Filter>
    <Filter Include="cd_hw">
      <UniqueIdentifier>{0f1106aa-4953-452d-9bb0-e3d8a06e11c0}</UniqueIdentifier>
    </Filter>
    <Filter Include="input_hw">
      <UniqueIdentifier>{139add2e-6297-4e9c-b1ad-8961ae78a671}</UniqueIdentifier>
    </Filter>
    <Filter Include="m68k">
      <UniqueIdentifier>{9af731f0-d259-4071-a90c-39dd14a97d2d}</UniqueIdentifier>
    </Filter>
    <Filter Include="ntsc">
      <UniqueIdentifier>{93607f19-098f-45e1-9749-e4195167fbfe}</UniqueIdentifier>
    </Filter>
    <Filter Include="sound">
      <UniqueIdentifier>{db4ff9bb-4a3a-4088-8bc7-74a1d6677c5d}</UniqueIdentifier>
    </Filter>
    <Filter Include="tremor">
      <UniqueIdentifier>{afca3d7c-18c4-4ccb-9373-0dd2f3d82029}</UniqueIdentifier>
    </Filter>
    <Filter Include="MarmerladeAPI">
      <UniqueIdentifier>{2b80729c-0b92-4008-8028-880fe933571b}</UniqueIdentifier>
    </Filter>
    <Filter Include="z80">
      <UniqueIdentifier>{2f456165-09df-4ebe-8849-dc82319e45ba}</UniqueIdentifier>
    </Filter>
    <Filter Include="MarmerladeAPI\Memory">
      <UniqueIdentifier>{08cfca1e-0ad2-4ffd-af11-17bfabeb8a04}</UniqueIdentifier>
    </Filter>
    <Filter Include="MarmerladeAPI\CPU">
      <UniqueIdentifier>{126288d1-acc8-4816-ba6d-e52247dce14d}</UniqueIdentifier>
    </Filter>
  </ItemGroup>
</Project>